# THIS IS AN AUTOGENERATED FILE. DO NOT EDIT THIS FILE DIRECTLY.
# yarn lockfile v1


"@playwright/test@^1.33.0":
  version "1.33.0"
  resolved "https://registry.yarnpkg.com/@playwright/test/-/test-1.33.0.tgz#669ef859efb81b143dfc624eef99d1dd92a81b67"
  integrity sha512-YunBa2mE7Hq4CfPkGzQRK916a4tuZoVx/EpLjeWlTVOnD4S2+fdaQZE0LJkbfhN5FTSKNLdcl7MoT5XB37bTkg==
  dependencies:
    "@types/node" "*"
    playwright-core "1.33.0"
  optionalDependencies:
    fsevents "2.3.2"

"@types/node@*":
  version "18.15.5"
  resolved "https://registry.yarnpkg.com/@types/node/-/node-18.15.5.tgz#3af577099a99c61479149b716183e70b5239324a"
  integrity sha512-Ark2WDjjZO7GmvsyFFf81MXuGTA/d6oP38anyxWOL6EREyBKAxKoFHwBhaZxCfLRLpO8JgVXwqOwSwa7jRcjew==

fsevents@2.3.2:
  version "2.3.2"
  resolved "https://registry.yarnpkg.com/fsevents/-/fsevents-2.3.2.tgz#8a526f78b8fdf4623b709e0b975c52c24c02fd1a"
  integrity sha512-xiqMQR4xAeHTuB9uWm+fFRcIOgKBMiOBP+eXiyT7jsgVCq1bkVygt00oASowB7EdtpOHaaPgKt812P9ab+DDKA==

playwright-core@1.33.0:
  version "1.33.0"
  resolved "https://registry.yarnpkg.com/playwright-core/-/playwright-core-1.33.0.tgz#269efe29a927cd6d144d05f3c2d2f72bd72447a1"
  integrity sha512-aizyPE1Cj62vAECdph1iaMILpT0WUDCq3E6rW6I+dleSbBoGbktvJtzS6VHkZ4DKNEOG9qJpiom/ZxO+S15LAw==

playwright@^1.33.0:
  version "1.33.0"
  resolved "https://registry.yarnpkg.com/playwright/-/playwright-1.33.0.tgz#88df1cffe97718ab8a02303e12c9133681ec7fab"
  integrity sha512-+zzU3V2TslRX2ETBRgQKsKytYBkJeLZ2xzUj4JohnZnxQnivoUvOvNbRBYWSYykQTO0Y4zb8NwZTYFUO+EpPBQ==
  dependencies:
    playwright-core "1.33.0"
